
Microsoft Visual Studio Solution File, Format Version 12.00
# Visual Studio Version 16
VisualStudioVersion = 16.0.29827.131
MinimumVisualStudioVersion = 10.0.40219.1
Project("{FAE04EC0-301F-11D3-BF4B-00C04F79EFBC}") = "Timesheet.Api", "Timesheet.Api\Timesheet.Api.csproj", "{1D8B522E-2854-45E7-95E4-232CC60B5E0E}"
EndProject
Project("{FAE04EC0-301F-11D3-BF4B-00C04F79EFBC}") = "Timesheet.Tests", "Timesheet.Tests\Timesheet.Tests.csproj", "{5DD71088-C3DB-403E-BB50-1E9CF68A20C8}"
EndProject
Global
	GlobalSection(SolutionConfigurationPlatforms) = preSolution
		Debug|Any CPU = Debug|Any CPU
		Release|Any CPU = Release|Any CPU
	EndGlobalSection
	GlobalSection(ProjectConfigurationPlatforms) = postSolution
		{1D8B522E-2854-45E7-95E4-232CC60B5E0E}.Debug|Any CPU.ActiveCfg = Debug|Any CPU
		{1D8B522E-2854-45E7-95E4-232CC60B5E0E}.Debug|Any CPU.Build.0 = Debug|Any CPU
		{1D8B522E-2854-45E7-95E4-232CC60B5E0E}.Release|Any CPU.ActiveCfg = Release|Any CPU
		{1D8B522E-2854-45E7-95E4-232CC60B5E0E}.Release|Any CPU.Build.0 = Release|Any CPU
		{5DD71088-C3DB-403E-BB50-1E9CF68A20C8}.Debug|Any CPU.ActiveCfg = Debug|Any CPU
		{5DD71088-C3DB-403E-BB50-1E9CF68A20C8}.Debug|Any CPU.Build.0 = Debug|Any CPU
		{5DD71088-C3DB-403E-BB50-1E9CF68A20C8}.Release|Any CPU.ActiveCfg = Release|Any CPU
		{5DD71088-C3DB-403E-BB50-1E9CF68A20C8}.Release|Any CPU.Build.0 = Release|Any CPU
	EndGlobalSection
	GlobalSection(SolutionProperties) = preSolution
		HideSolutionNode = FALSE
	EndGlobalSection
	GlobalSection(ExtensibilityGlobals) = postSolution
		SolutionGuid = {E5887789-93DF-4599-A6C0-C94930BBD1AC}
	EndGlobalSection
EndGlobal
