
Microsoft Visual Studio Solution File, Format Version 12.00
# Visual Studio Version 16
VisualStudioVersion = 16.0.29827.131
MinimumVisualStudioVersion = 10.0.40219.1
Project("{9A19103F-16F7-4668-BE54-9A1E7A4F7556}") = "Timesheet.Api", "Timesheet.Api\Timesheet.Api.csproj", "{1D8B522E-2854-45E7-95E4-232CC60B5E0E}"
EndProject
Project("{9A19103F-16F7-4668-BE54-9A1E7A4F7556}") = "Timesheet.Tests", "Timesheet.Tests\Timesheet.Tests.csproj", "{5DD71088-C3DB-403E-BB50-1E9CF68A20C8}"
EndProject
Project("{9A19103F-16F7-4668-BE54-9A1E7A4F7556}") = "Timesheet.BussinessLogic", "Timesheet.Application\Timesheet.BussinessLogic.csproj", "{A2DEBEE3-E9A0-4563-83B3-859931E86C09}"
EndProject
Project("{9A19103F-16F7-4668-BE54-9A1E7A4F7556}") = "Timesheet.Domain", "Timesheet.Domain\Timesheet.Domain.csproj", "{CE8A614A-F946-4386-97CE-722EFE563D47}"
EndProject
Project("{9A19103F-16F7-4668-BE54-9A1E7A4F7556}") = "Timesheet.DataAccess.csv", "Timesheet.DataAccess.csv\Timesheet.DataAccess.csv.csproj", "{812CF74D-413A-40A2-AC0F-3B52A62D321B}"
EndProject
Project("{9A19103F-16F7-4668-BE54-9A1E7A4F7556}") = "Timesheet.Integrations.GitHub", "Timesheet.Integrations.GitHub\Timesheet.Integrations.GitHub.csproj", "{12D47F06-7EEB-4DBC-990E-02E3CDE8183C}"
EndProject
Project("{9A19103F-16F7-4668-BE54-9A1E7A4F7556}") = "Timesheet.DataAccess.MSSQL", "Timesheet.DataAccess.MSSQL\Timesheet.DataAccess.MSSQL.csproj", "{32E992C7-D529-4362-A212-FEDD42D92F24}"
EndProject
Project("{FAE04EC0-301F-11D3-BF4B-00C04F79EFBC}") = "Timesheet.DataAccess.MSSQL.Tests", "Timesheet.DataAccess.MSSQL.Tests\Timesheet.DataAccess.MSSQL.Tests.csproj", "{B0636ED0-F0DD-41F8-8ED8-1D7EF4E3C279}"
EndProject
Global
	GlobalSection(SolutionConfigurationPlatforms) = preSolution
		Debug|Any CPU = Debug|Any CPU
		Release|Any CPU = Release|Any CPU
	EndGlobalSection
	GlobalSection(ProjectConfigurationPlatforms) = postSolution
		{1D8B522E-2854-45E7-95E4-232CC60B5E0E}.Debug|Any CPU.ActiveCfg = Debug|Any CPU
		{1D8B522E-2854-45E7-95E4-232CC60B5E0E}.Debug|Any CPU.Build.0 = Debug|Any CPU
		{1D8B522E-2854-45E7-95E4-232CC60B5E0E}.Release|Any CPU.ActiveCfg = Release|Any CPU
		{1D8B522E-2854-45E7-95E4-232CC60B5E0E}.Release|Any CPU.Build.0 = Release|Any CPU
		{5DD71088-C3DB-403E-BB50-1E9CF68A20C8}.Debug|Any CPU.ActiveCfg = Debug|Any CPU
		{5DD71088-C3DB-403E-BB50-1E9CF68A20C8}.Debug|Any CPU.Build.0 = Debug|Any CPU
		{5DD71088-C3DB-403E-BB50-1E9CF68A20C8}.Release|Any CPU.ActiveCfg = Release|Any CPU
		{5DD71088-C3DB-403E-BB50-1E9CF68A20C8}.Release|Any CPU.Build.0 = Release|Any CPU
		{A2DEBEE3-E9A0-4563-83B3-859931E86C09}.Debug|Any CPU.ActiveCfg = Debug|Any CPU
		{A2DEBEE3-E9A0-4563-83B3-859931E86C09}.Debug|Any CPU.Build.0 = Debug|Any CPU
		{A2DEBEE3-E9A0-4563-83B3-859931E86C09}.Release|Any CPU.ActiveCfg = Release|Any CPU
		{A2DEBEE3-E9A0-4563-83B3-859931E86C09}.Release|Any CPU.Build.0 = Release|Any CPU
		{CE8A614A-F946-4386-97CE-722EFE563D47}.Debug|Any CPU.ActiveCfg = Debug|Any CPU
		{CE8A614A-F946-4386-97CE-722EFE563D47}.Debug|Any CPU.Build.0 = Debug|Any CPU
		{CE8A614A-F946-4386-97CE-722EFE563D47}.Release|Any CPU.ActiveCfg = Release|Any CPU
		{CE8A614A-F946-4386-97CE-722EFE563D47}.Release|Any CPU.Build.0 = Release|Any CPU
		{812CF74D-413A-40A2-AC0F-3B52A62D321B}.Debug|Any CPU.ActiveCfg = Debug|Any CPU
		{812CF74D-413A-40A2-AC0F-3B52A62D321B}.Debug|Any CPU.Build.0 = Debug|Any CPU
		{812CF74D-413A-40A2-AC0F-3B52A62D321B}.Release|Any CPU.ActiveCfg = Release|Any CPU
		{812CF74D-413A-40A2-AC0F-3B52A62D321B}.Release|Any CPU.Build.0 = Release|Any CPU
		{12D47F06-7EEB-4DBC-990E-02E3CDE8183C}.Debug|Any CPU.ActiveCfg = Debug|Any CPU
		{12D47F06-7EEB-4DBC-990E-02E3CDE8183C}.Debug|Any CPU.Build.0 = Debug|Any CPU
		{12D47F06-7EEB-4DBC-990E-02E3CDE8183C}.Release|Any CPU.ActiveCfg = Release|Any CPU
		{12D47F06-7EEB-4DBC-990E-02E3CDE8183C}.Release|Any CPU.Build.0 = Release|Any CPU
		{32E992C7-D529-4362-A212-FEDD42D92F24}.Debug|Any CPU.ActiveCfg = Debug|Any CPU
		{32E992C7-D529-4362-A212-FEDD42D92F24}.Debug|Any CPU.Build.0 = Debug|Any CPU
		{32E992C7-D529-4362-A212-FEDD42D92F24}.Release|Any CPU.ActiveCfg = Release|Any CPU
		{32E992C7-D529-4362-A212-FEDD42D92F24}.Release|Any CPU.Build.0 = Release|Any CPU
		{B0636ED0-F0DD-41F8-8ED8-1D7EF4E3C279}.Debug|Any CPU.ActiveCfg = Debug|Any CPU
		{B0636ED0-F0DD-41F8-8ED8-1D7EF4E3C279}.Debug|Any CPU.Build.0 = Debug|Any CPU
		{B0636ED0-F0DD-41F8-8ED8-1D7EF4E3C279}.Release|Any CPU.ActiveCfg = Release|Any CPU
		{B0636ED0-F0DD-41F8-8ED8-1D7EF4E3C279}.Release|Any CPU.Build.0 = Release|Any CPU
	EndGlobalSection
	GlobalSection(SolutionProperties) = preSolution
		HideSolutionNode = FALSE
	EndGlobalSection
	GlobalSection(ExtensibilityGlobals) = postSolution
		SolutionGuid = {E5887789-93DF-4599-A6C0-C94930BBD1AC}
	EndGlobalSection
EndGlobal
